// !$*UTF8*$!
{
	archiveVersion = 1;
	classes = {
	};
	objectVersion = 50;
	objects = {

/* Begin PBXBuildFile section */
		5A3A9D382651DC240080618C /* AppDelegate.swift in Sources */ = {isa = PBXBuildFile; fileRef = 5A3A9D372651DC240080618C /* AppDelegate.swift */; };
		5A3A9D3A2651DC240080618C /* SceneDelegate.swift in Sources */ = {isa = PBXBuildFile; fileRef = 5A3A9D392651DC240080618C /* SceneDelegate.swift */; };
		5A3A9D3C2651DC240080618C /* ViewController.swift in Sources */ = {isa = PBXBuildFile; fileRef = 5A3A9D3B2651DC240080618C /* ViewController.swift */; };
		5A3A9D3F2651DC240080618C /* Main.storyboard in Resources */ = {isa = PBXBuildFile; fileRef = 5A3A9D3D2651DC240080618C /* Main.storyboard */; };
		5A3A9D412651DC290080618C /* Assets.xcassets in Resources */ = {isa = PBXBuildFile; fileRef = 5A3A9D402651DC290080618C /* Assets.xcassets */; };
		5A3A9D442651DC290080618C /* LaunchScreen.storyboard in Resources */ = {isa = PBXBuildFile; fileRef = 5A3A9D422651DC290080618C /* LaunchScreen.storyboard */; };
/* End PBXBuildFile section */

/* Begin PBXFileReference section */
		5A3A9D342651DC240080618C /* github-profile.app */ = {isa = PBXFileReference; explicitFileType = wrapper.application; includeInIndex = 0; path = "github-profile.app"; sourceTree = BUILT_PRODUCTS_DIR; };
		5A3A9D372651DC240080618C /* AppDelegate.swift */ = {isa = PBXFileReference; lastKnownFileType = sourcecode.swift; path = AppDelegate.swift; sourceTree = "<group>"; };
		5A3A9D392651DC240080618C /* SceneDelegate.swift */ = {isa = PBXFileReference; lastKnownFileType = sourcecode.swift; path = SceneDelegate.swift; sourceTree = "<group>"; };
		5A3A9D3B2651DC240080618C /* ViewController.swift */ = {isa = PBXFileReference; lastKnownFileType = sourcecode.swift; path = ViewController.swift; sourceTree = "<group>"; };
		5A3A9D3E2651DC240080618C /* Base */ = {isa = PBXFileReference; lastKnownFileType = file.storyboard; name = Base; path = Base.lproj/Main.storyboard; sourceTree = "<group>"; };
		5A3A9D402651DC290080618C /* Assets.xcassets */ = {isa = PBXFileReference; lastKnownFileType = folder.assetcatalog; path = Assets.xcassets; sourceTree = "<group>"; };
		5A3A9D432651DC290080618C /* Base */ = {isa = PBXFileReference; lastKnownFileType = file.storyboard; name = Base; path = Base.lproj/LaunchScreen.storyboard; sourceTree = "<group>"; };
		5A3A9D452651DC290080618C /* Info.plist */ = {isa = PBXFileReference; lastKnownFileType = text.plist.xml; path = Info.plist; sourceTree = "<group>"; };
/* End PBXFileReference section */

/* Begin PBXFrameworksBuildPhase section */
		5A3A9D312651DC240080618C /* Frameworks */ = {
			isa = PBXFrameworksBuildPhase;
			buildActionMask = 2147483647;
			files = (
			);
			runOnlyForDeploymentPostprocessing = 0;
		};
/* End PBXFrameworksBuildPhase section */

/* Begin PBXGroup section */
		5A3A9D2B2651DC240080618C = {
			isa = PBXGroup;
			children = (
				5A3A9D362651DC240080618C /* github-profile */,
				5A3A9D352651DC240080618C /* Products */,
			);
			sourceTree = "<group>";
		};
		5A3A9D352651DC240080618C /* Products */ = {
			isa = PBXGroup;
			children = (
				5A3A9D342651DC240080618C /* github-profile.app */,
			);
			name = Products;
			sourceTree = "<group>";
		};
		5A3A9D362651DC240080618C /* github-profile */ = {
			isa = PBXGroup;
			children = (
				5A3A9D4E2651DC730080618C /* Supporting Files */,
				5A3A9D4D2651DC6C0080618C /* Assets */,
				5A3A9D4C2651DC640080618C /* Source */,
			);
			path = "github-profile";
			sourceTree = "<group>";
		};
		5A3A9D4C2651DC640080618C /* Source */ = {
			isa = PBXGroup;
			children = (
				5A3A9D512651DCA20080618C /* Model */,
				5A3A9D502651DC9B0080618C /* View Model */,
				5A3A9D4F2651DC930080618C /* Views */,
			);
			path = Source;
			sourceTree = "<group>";
		};
		5A3A9D4D2651DC6C0080618C /* Assets */ = {
			isa = PBXGroup;
			children = (
				5A3A9D402651DC290080618C /* Assets.xcassets */,
				5A3A9D422651DC290080618C /* LaunchScreen.storyboard */,
			);
			path = Assets;
			sourceTree = "<group>";
		};
		5A3A9D4E2651DC730080618C /* Supporting Files */ = {
			isa = PBXGroup;
			children = (
				5A3A9D372651DC240080618C /* AppDelegate.swift */,
				5A3A9D392651DC240080618C /* SceneDelegate.swift */,
				5A3A9D452651DC290080618C /* Info.plist */,
			);
			path = "Supporting Files";
			sourceTree = "<group>";
		};
		5A3A9D4F2651DC930080618C /* Views */ = {
			isa = PBXGroup;
			children = (
				5A3A9D3B2651DC240080618C /* ViewController.swift */,
				5A3A9D3D2651DC240080618C /* Main.storyboard */,
			);
			path = Views;
			sourceTree = "<group>";
		};
		5A3A9D502651DC9B0080618C /* View Model */ = {
			isa = PBXGroup;
			children = (
			);
			path = "View Model";
			sourceTree = "<group>";
		};
		5A3A9D512651DCA20080618C /* Model */ = {
			isa = PBXGroup;
			children = (
			);
			path = Model;
			sourceTree = "<group>";
		};
/* End PBXGroup section */

/* Begin PBXNativeTarget section */
		5A3A9D332651DC240080618C /* github-profile */ = {
			isa = PBXNativeTarget;
			buildConfigurationList = 5A3A9D482651DC290080618C /* Build configuration list for PBXNativeTarget "github-profile" */;
			buildPhases = (
				5A3A9D302651DC240080618C /* Sources */,
				5A3A9D312651DC240080618C /* Frameworks */,
				5A3A9D322651DC240080618C /* Resources */,
			);
			buildRules = (
			);
			dependencies = (
			);
			name = "github-profile";
			productName = "github-profile";
			productReference = 5A3A9D342651DC240080618C /* github-profile.app */;
			productType = "com.apple.product-type.application";
		};
/* End PBXNativeTarget section */

/* Begin PBXProject section */
		5A3A9D2C2651DC240080618C /* Project object */ = {
			isa = PBXProject;
			attributes = {
				LastSwiftUpdateCheck = 1240;
				LastUpgradeCheck = 1240;
				TargetAttributes = {
					5A3A9D332651DC240080618C = {
						CreatedOnToolsVersion = 12.4;
					};
				};
			};
			buildConfigurationList = 5A3A9D2F2651DC240080618C /* Build configuration list for PBXProject "github-profile" */;
			compatibilityVersion = "Xcode 9.3";
			developmentRegion = en;
			hasScannedForEncodings = 0;
			knownRegions = (
				en,
				Base,
			);
			mainGroup = 5A3A9D2B2651DC240080618C;
			productRefGroup = 5A3A9D352651DC240080618C /* Products */;
			projectDirPath = "";
			projectRoot = "";
			targets = (
				5A3A9D332651DC240080618C /* github-profile */,
			);
		};
/* End PBXProject section */

/* Begin PBXResourcesBuildPhase section */
		5A3A9D322651DC240080618C /* Resources */ = {
			isa = PBXResourcesBuildPhase;
			buildActionMask = 2147483647;
			files = (
				5A3A9D442651DC290080618C /* LaunchScreen.storyboard in Resources */,
				5A3A9D412651DC290080618C /* Assets.xcassets in Resources */,
				5A3A9D3F2651DC240080618C /* Main.storyboard in Resources */,
			);
			runOnlyForDeploymentPostprocessing = 0;
		};
/* End PBXResourcesBuildPhase section */

/* Begin PBXSourcesBuildPhase section */
		5A3A9D302651DC240080618C /* Sources */ = {
			isa = PBXSourcesBuildPhase;
			buildActionMask = 2147483647;
			files = (
				5A3A9D3C2651DC240080618C /* ViewController.swift in Sources */,
				5A3A9D382651DC240080618C /* AppDelegate.swift in Sources */,
				5A3A9D3A2651DC240080618C /* SceneDelegate.swift in Sources */,
			);
			runOnlyForDeploymentPostprocessing = 0;
		};
/* End PBXSourcesBuildPhase section */

/* Begin PBXVariantGroup section */
		5A3A9D3D2651DC240080618C /* Main.storyboard */ = {
			isa = PBXVariantGroup;
			children = (
				5A3A9D3E2651DC240080618C /* Base */,
			);
			name = Main.storyboard;
			sourceTree = "<group>";
		};
		5A3A9D422651DC290080618C /* LaunchScreen.storyboard */ = {
			isa = PBXVariantGroup;
			children = (
				5A3A9D432651DC290080618C /* Base */,
			);
			name = LaunchScreen.storyboard;
			sourceTree = "<group>";
		};
/* End PBXVariantGroup section */

/* Begin XCBuildConfiguration section */
		5A3A9D462651DC290080618C /* Debug */ = {
			isa = XCBuildConfiguration;
			buildSettings = {
				ALWAYS_SEARCH_USER_PATHS = NO;
				CLANG_ANALYZER_NONNULL = YES;
				CLANG_ANALYZER_NUMBER_OBJECT_CONVERSION = YES_AGGRESSIVE;
				CLANG_CXX_LANGUAGE_STANDARD = "gnu++14";
				CLANG_CXX_LIBRARY = "libc++";
				CLANG_ENABLE_MODULES = YES;
				CLANG_ENABLE_OBJC_ARC = YES;
				CLANG_ENABLE_OBJC_WEAK = YES;
				CLANG_WARN_BLOCK_CAPTURE_AUTORELEASING = YES;
				CLANG_WARN_BOOL_CONVERSION = YES;
				CLANG_WARN_COMMA = YES;
				CLANG_WARN_CONSTANT_CONVERSION = YES;
				CLANG_WARN_DEPRECATED_OBJC_IMPLEMENTATIONS = YES;
				CLANG_WARN_DIRECT_OBJC_ISA_USAGE = YES_ERROR;
				CLANG_WARN_DOCUMENTATION_COMMENTS = YES;
				CLANG_WARN_EMPTY_BODY = YES;
				CLANG_WARN_ENUM_CONVERSION = YES;
				CLANG_WARN_INFINITE_RECURSION = YES;
				CLANG_WARN_INT_CONVERSION = YES;
				CLANG_WARN_NON_LITERAL_NULL_CONVERSION = YES;
				CLANG_WARN_OBJC_IMPLICIT_RETAIN_SELF = YES;
				CLANG_WARN_OBJC_LITERAL_CONVERSION = YES;
				CLANG_WARN_OBJC_ROOT_CLASS = YES_ERROR;
				CLANG_WARN_QUOTED_INCLUDE_IN_FRAMEWORK_HEADER = YES;
				CLANG_WARN_RANGE_LOOP_ANALYSIS = YES;
				CLANG_WARN_STRICT_PROTOTYPES = YES;
				CLANG_WARN_SUSPICIOUS_MOVE = YES;
				CLANG_WARN_UNGUARDED_AVAILABILITY = YES_AGGRESSIVE;
				CLANG_WARN_UNREACHABLE_CODE = YES;
				CLANG_WARN__DUPLICATE_METHOD_MATCH = YES;
				COPY_PHASE_STRIP = NO;
				DEBUG_INFORMATION_FORMAT = dwarf;
				ENABLE_STRICT_OBJC_MSGSEND = YES;
				ENABLE_TESTABILITY = YES;
				GCC_C_LANGUAGE_STANDARD = gnu11;
				GCC_DYNAMIC_NO_PIC = NO;
				GCC_NO_COMMON_BLOCKS = YES;
				GCC_OPTIMIZATION_LEVEL = 0;
				GCC_PREPROCESSOR_DEFINITIONS = (
					"DEBUG=1",
					"$(inherited)",
				);
				GCC_WARN_64_TO_32_BIT_CONVERSION = YES;
				GCC_WARN_ABOUT_RETURN_TYPE = YES_ERROR;
				GCC_WARN_UNDECLARED_SELECTOR = YES;
				GCC_WARN_UNINITIALIZED_AUTOS = YES_AGGRESSIVE;
				GCC_WARN_UNUSED_FUNCTION = YES;
				GCC_WARN_UNUSED_VARIABLE = YES;
				IPHONEOS_DEPLOYMENT_TARGET = 14.4;
				MTL_ENABLE_DEBUG_INFO = INCLUDE_SOURCE;
				MTL_FAST_MATH = YES;
				ONLY_ACTIVE_ARCH = YES;
				SDKROOT = iphoneos;
				SWIFT_ACTIVE_COMPILATION_CONDITIONS = DEBUG;
				SWIFT_OPTIMIZATION_LEVEL = "-Onone";
			};
			name = Debug;
		};
		5A3A9D472651DC290080618C /* Release */ = {
			isa = XCBuildConfiguration;
			buildSettings = {
				ALWAYS_SEARCH_USER_PATHS = NO;
				CLANG_ANALYZER_NONNULL = YES;
				CLANG_ANALYZER_NUMBER_OBJECT_CONVERSION = YES_AGGRESSIVE;
				CLANG_CXX_LANGUAGE_STANDARD = "gnu++14";
				CLANG_CXX_LIBRARY = "libc++";
				CLANG_ENABLE_MODULES = YES;
				CLANG_ENABLE_OBJC_ARC = YES;
				CLANG_ENABLE_OBJC_WEAK = YES;
				CLANG_WARN_BLOCK_CAPTURE_AUTORELEASING = YES;
				CLANG_WARN_BOOL_CONVERSION = YES;
				CLANG_WARN_COMMA = YES;
				CLANG_WARN_CONSTANT_CONVERSION = YES;
				CLANG_WARN_DEPRECATED_OBJC_IMPLEMENTATIONS = YES;
				CLANG_WARN_DIRECT_OBJC_ISA_USAGE = YES_ERROR;
				CLANG_WARN_DOCUMENTATION_COMMENTS = YES;
				CLANG_WARN_EMPTY_BODY = YES;
				CLANG_WARN_ENUM_CONVERSION = YES;
				CLANG_WARN_INFINITE_RECURSION = YES;
				CLANG_WARN_INT_CONVERSION = YES;
				CLANG_WARN_NON_LITERAL_NULL_CONVERSION = YES;
				CLANG_WARN_OBJC_IMPLICIT_RETAIN_SELF = YES;
				CLANG_WARN_OBJC_LITERAL_CONVERSION = YES;
				CLANG_WARN_OBJC_ROOT_CLASS = YES_ERROR;
				CLANG_WARN_QUOTED_INCLUDE_IN_FRAMEWORK_HEADER = YES;
				CLANG_WARN_RANGE_LOOP_ANALYSIS = YES;
				CLANG_WARN_STRICT_PROTOTYPES = YES;
				CLANG_WARN_SUSPICIOUS_MOVE = YES;
				CLANG_WARN_UNGUARDED_AVAILABILITY = YES_AGGRESSIVE;
				CLANG_WARN_UNREACHABLE_CODE = YES;
				CLANG_WARN__DUPLICATE_METHOD_MATCH = YES;
				COPY_PHASE_STRIP = NO;
				DEBUG_INFORMATION_FORMAT = "dwarf-with-dsym";
				ENABLE_NS_ASSERTIONS = NO;
				ENABLE_STRICT_OBJC_MSGSEND = YES;
				GCC_C_LANGUAGE_STANDARD = gnu11;
				GCC_NO_COMMON_BLOCKS = YES;
				GCC_WARN_64_TO_32_BIT_CONVERSION = YES;
				GCC_WARN_ABOUT_RETURN_TYPE = YES_ERROR;
				GCC_WARN_UNDECLARED_SELECTOR = YES;
				GCC_WARN_UNINITIALIZED_AUTOS = YES_AGGRESSIVE;
				GCC_WARN_UNUSED_FUNCTION = YES;
				GCC_WARN_UNUSED_VARIABLE = YES;
				IPHONEOS_DEPLOYMENT_TARGET = 14.4;
				MTL_ENABLE_DEBUG_INFO = NO;
				MTL_FAST_MATH = YES;
				SDKROOT = iphoneos;
				SWIFT_COMPILATION_MODE = wholemodule;
				SWIFT_OPTIMIZATION_LEVEL = "-O";
				VALIDATE_PRODUCT = YES;
			};
			name = Release;
		};
		5A3A9D492651DC290080618C /* Debug */ = {
			isa = XCBuildConfiguration;
			buildSettings = {
				ASSETCATALOG_COMPILER_APPICON_NAME = AppIcon;
				ASSETCATALOG_COMPILER_GLOBAL_ACCENT_COLOR_NAME = AccentColor;
				CODE_SIGN_STYLE = Automatic;
				DEVELOPMENT_TEAM = 8Y5X4LQQ8S;
				INFOPLIST_FILE = "github-profile/Supporting Files/Info.plist";
				LD_RUNPATH_SEARCH_PATHS = (
					"$(inherited)",
					"@executable_path/Frameworks",
				);
				PRODUCT_BUNDLE_IDENTIFIER = "tiago.lopes.github-profile";
				PRODUCT_NAME = "$(TARGET_NAME)";
				SWIFT_VERSION = 5.0;
				TARGETED_DEVICE_FAMILY = "1,2";
			};
			name = Debug;
		};
		5A3A9D4A2651DC290080618C /* Release */ = {
			isa = XCBuildConfiguration;
			buildSettings = {
				ASSETCATALOG_COMPILER_APPICON_NAME = AppIcon;
				ASSETCATALOG_COMPILER_GLOBAL_ACCENT_COLOR_NAME = AccentColor;
				CODE_SIGN_STYLE = Automatic;
				DEVELOPMENT_TEAM = 8Y5X4LQQ8S;
				INFOPLIST_FILE = "github-profile/Supporting Files/Info.plist";
				LD_RUNPATH_SEARCH_PATHS = (
					"$(inherited)",
					"@executable_path/Frameworks",
				);
				PRODUCT_BUNDLE_IDENTIFIER = "tiago.lopes.github-profile";
				PRODUCT_NAME = "$(TARGET_NAME)";
				SWIFT_VERSION = 5.0;
				TARGETED_DEVICE_FAMILY = "1,2";
			};
			name = Release;
		};
/* End XCBuildConfiguration section */

/* Begin XCConfigurationList section */
		5A3A9D2F2651DC240080618C /* Build configuration list for PBXProject "github-profile" */ = {
			isa = XCConfigurationList;
			buildConfigurations = (
				5A3A9D462651DC290080618C /* Debug */,
				5A3A9D472651DC290080618C /* Release */,
			);
			defaultConfigurationIsVisible = 0;
			defaultConfigurationName = Release;
		};
		5A3A9D482651DC290080618C /* Build configuration list for PBXNativeTarget "github-profile" */ = {
			isa = XCConfigurationList;
			buildConfigurations = (
				5A3A9D492651DC290080618C /* Debug */,
				5A3A9D4A2651DC290080618C /* Release */,
			);
			defaultConfigurationIsVisible = 0;
			defaultConfigurationName = Release;
		};
/* End XCConfigurationList section */
	};
	rootObject = 5A3A9D2C2651DC240080618C /* Project object */;
}
